
Microsoft Visual Studio Solution File, Format Version 12.00
# Visual Studio Version 17
VisualStudioVersion = 17.4.33205.214
MinimumVisualStudioVersion = 10.0.40219.1
Project("{FAE04EC0-301F-11D3-BF4B-00C04F79EFBC}") = "Parametry kvádru", "Parametry kvádru\Parametry kvádru.csproj", "{BD078F6B-975D-4087-BC42-4C0C14CEDA27}"
EndProject
Global
	GlobalSection(SolutionConfigurationPlatforms) = preSolution
		Debug|Any CPU = Debug|Any CPU
		Release|Any CPU = Release|Any CPU
	EndGlobalSection
	GlobalSection(ProjectConfigurationPlatforms) = postSolution
		{BD078F6B-975D-4087-BC42-4C0C14CEDA27}.Debug|Any CPU.ActiveCfg = Debug|Any CPU
		{BD078F6B-975D-4087-BC42-4C0C14CEDA27}.Debug|Any CPU.Build.0 = Debug|Any CPU
		{BD078F6B-975D-4087-BC42-4C0C14CEDA27}.Release|Any CPU.ActiveCfg = Release|Any CPU
		{BD078F6B-975D-4087-BC42-4C0C14CEDA27}.Release|Any CPU.Build.0 = Release|Any CPU
	EndGlobalSection
	GlobalSection(SolutionProperties) = preSolution
		HideSolutionNode = FALSE
	EndGlobalSection
	GlobalSection(ExtensibilityGlobals) = postSolution
		SolutionGuid = {C3071BD7-C267-4BF0-BD3D-387031EECCB5}
	EndGlobalSection
EndGlobal
